# This file is automatically @generated by Cargo.
# It is not intended for manual editing.
version = 3

[[package]]
name = "beryllium"
version = "0.9.2"
source = "registry+https://github.com/rust-lang/crates.io-index"
checksum = "0e7a72049e55420835ec07f89ee6efef4b2b6552a38322b84306c701874b6e36"
dependencies = [
 "bytemuck",
 "fermium",
 "objc",
]

[[package]]
name = "bitfrob"
version = "1.0.0"
source = "registry+https://github.com/rust-lang/crates.io-index"
checksum = "ea3b14312e54f1705e8e698df639435712d48caeab95933b560bbd20af51e704"

[[package]]
name = "bytemuck"
version = "1.13.0"
source = "registry+https://github.com/rust-lang/crates.io-index"
checksum = "c041d3eab048880cb0b86b256447da3f18859a163c3b8d8893f4e6368abe6393"

[[package]]
name = "fermium"
version = "22401.1.0"
source = "registry+https://github.com/rust-lang/crates.io-index"
checksum = "ae7c97dad10911043ee521c4ff88efc96949a277133f6f7994bafe8631a76045"

[[package]]
name = "libc"
version = "0.2.139"
source = "registry+https://github.com/rust-lang/crates.io-index"
checksum = "201de327520df007757c1f0adce6e827fe8562fbc28bfd9c15571c66ca1f5f79"

[[package]]
name = "magnesium"
version = "1.2.0"
source = "registry+https://github.com/rust-lang/crates.io-index"
checksum = "ac2f461572d07440190e5db9e84c8caad4002f79b04d7f7029ecee234790f4b5"

[[package]]
name = "malloc_buf"
version = "0.0.6"
source = "registry+https://github.com/rust-lang/crates.io-index"
checksum = "62bb907fe88d54d8d9ce32a3cceab4218ed2f6b7d35617cafe9adf84e43919cb"
dependencies = [
 "libc",
]

[[package]]
name = "objc"
version = "0.2.7"
source = "registry+https://github.com/rust-lang/crates.io-index"
checksum = "915b1b472bc21c53464d6c8461c9d3af805ba1ef837e1cac254428f4a77177b1"
dependencies = [
 "malloc_buf",
]

[[package]]
name = "vkvk"
version = "0.1.0+vk1.3.240"
dependencies = [
 "beryllium",
 "bitfrob",
 "magnesium",
]
